
Microsoft Visual Studio Solution File, Format Version 11.00
# Visual Studio 2010
Project("{FAE04EC0-301F-11D3-BF4B-00C04F79EFBC}") = "ColladaSharp", "ColladaSharp.csproj", "{F6207735-E7C7-427A-BE34-F60B5F64F836}"
EndProject
Project("{FAE04EC0-301F-11D3-BF4B-00C04F79EFBC}") = "ColladaSharp.Tests", "ColladaSharp.Tests\ColladaSharp.Tests.csproj", "{526F615E-E983-47DA-8523-8420EEC9D584}"
EndProject
Global
	GlobalSection(SolutionConfigurationPlatforms) = preSolution
		Debug|Any CPU = Debug|Any CPU
		Release|Any CPU = Release|Any CPU
	EndGlobalSection
	GlobalSection(ProjectConfigurationPlatforms) = postSolution
		{526F615E-E983-47DA-8523-8420EEC9D584}.Debug|Any CPU.ActiveCfg = Debug|Any CPU
		{526F615E-E983-47DA-8523-8420EEC9D584}.Debug|Any CPU.Build.0 = Debug|Any CPU
		{526F615E-E983-47DA-8523-8420EEC9D584}.Release|Any CPU.ActiveCfg = Release|Any CPU
		{526F615E-E983-47DA-8523-8420EEC9D584}.Release|Any CPU.Build.0 = Release|Any CPU
		{F6207735-E7C7-427A-BE34-F60B5F64F836}.Debug|Any CPU.ActiveCfg = Debug|Any CPU
		{F6207735-E7C7-427A-BE34-F60B5F64F836}.Debug|Any CPU.Build.0 = Debug|Any CPU
		{F6207735-E7C7-427A-BE34-F60B5F64F836}.Release|Any CPU.ActiveCfg = Release|Any CPU
		{F6207735-E7C7-427A-BE34-F60B5F64F836}.Release|Any CPU.Build.0 = Release|Any CPU
	EndGlobalSection
EndGlobal
